
Microsoft Visual Studio Solution File, Format Version 12.00
# Visual Studio Version 17
VisualStudioVersion = 17.12.35527.113
MinimumVisualStudioVersion = 10.0.40219.1
Project("{9A19103F-16F7-4668-BE54-9A1E7A4F7556}") = "SkincareProductSalesSystem.Repositories", "SkincareProductSalesSystem.Repositories\SkincareProductSalesSystem.Repositories.csproj", "{9FBCFFA3-CCA5-48D6-8D4B-215AEE72C9CC}"
EndProject
Project("{9A19103F-16F7-4668-BE54-9A1E7A4F7556}") = "SkincareProductSalesSystem.Services", "SkincareProductSalesSystem.Services\SkincareProductSalesSystem.Services.csproj", "{EE3F0B95-FE43-4FC3-A568-0D50C55E0FED}"
EndProject
Project("{9A19103F-16F7-4668-BE54-9A1E7A4F7556}") = "SkincareProductSalesSystem.Api", "SkincareProductSalesSystem.Api\SkincareProductSalesSystem.Api.csproj", "{E3FEE781-276A-4EB0-8FB3-E6AA5D92C181}"
EndProject
Project("{9A19103F-16F7-4668-BE54-9A1E7A4F7556}") = "SkincareProductSalesSystem.Common", "SkincareProductSalesSystem.Common\SkincareProductSalesSystem.Common.csproj", "{896F97CC-AD16-4E05-B342-E17CE4202D04}"
EndProject
Global
	GlobalSection(SolutionConfigurationPlatforms) = preSolution
		Debug|Any CPU = Debug|Any CPU
		Release|Any CPU = Release|Any CPU
	EndGlobalSection
	GlobalSection(ProjectConfigurationPlatforms) = postSolution
		{9FBCFFA3-CCA5-48D6-8D4B-215AEE72C9CC}.Debug|Any CPU.ActiveCfg = Debug|Any CPU
		{9FBCFFA3-CCA5-48D6-8D4B-215AEE72C9CC}.Debug|Any CPU.Build.0 = Debug|Any CPU
		{9FBCFFA3-CCA5-48D6-8D4B-215AEE72C9CC}.Release|Any CPU.ActiveCfg = Release|Any CPU
		{9FBCFFA3-CCA5-48D6-8D4B-215AEE72C9CC}.Release|Any CPU.Build.0 = Release|Any CPU
		{EE3F0B95-FE43-4FC3-A568-0D50C55E0FED}.Debug|Any CPU.ActiveCfg = Debug|Any CPU
		{EE3F0B95-FE43-4FC3-A568-0D50C55E0FED}.Debug|Any CPU.Build.0 = Debug|Any CPU
		{EE3F0B95-FE43-4FC3-A568-0D50C55E0FED}.Release|Any CPU.ActiveCfg = Release|Any CPU
		{EE3F0B95-FE43-4FC3-A568-0D50C55E0FED}.Release|Any CPU.Build.0 = Release|Any CPU
		{E3FEE781-276A-4EB0-8FB3-E6AA5D92C181}.Debug|Any CPU.ActiveCfg = Debug|Any CPU
		{E3FEE781-276A-4EB0-8FB3-E6AA5D92C181}.Debug|Any CPU.Build.0 = Debug|Any CPU
		{E3FEE781-276A-4EB0-8FB3-E6AA5D92C181}.Release|Any CPU.ActiveCfg = Release|Any CPU
		{E3FEE781-276A-4EB0-8FB3-E6AA5D92C181}.Release|Any CPU.Build.0 = Release|Any CPU
		{896F97CC-AD16-4E05-B342-E17CE4202D04}.Debug|Any CPU.ActiveCfg = Debug|Any CPU
		{896F97CC-AD16-4E05-B342-E17CE4202D04}.Debug|Any CPU.Build.0 = Debug|Any CPU
		{896F97CC-AD16-4E05-B342-E17CE4202D04}.Release|Any CPU.ActiveCfg = Release|Any CPU
		{896F97CC-AD16-4E05-B342-E17CE4202D04}.Release|Any CPU.Build.0 = Release|Any CPU
	EndGlobalSection
	GlobalSection(SolutionProperties) = preSolution
		HideSolutionNode = FALSE
	EndGlobalSection
	GlobalSection(ExtensibilityGlobals) = postSolution
		SolutionGuid = {8BBDE79E-AC67-49A1-8265-4052C18D7C18}
	EndGlobalSection
EndGlobal
